
Microsoft Visual Studio Solution File, Format Version 12.00
# Visual Studio Version 17
VisualStudioVersion = 17.0.31903.59
MinimumVisualStudioVersion = 10.0.40219.1
Project("{2150E333-8FDC-42A3-9474-1A3956D46DE8}") = "src", "src", "{827E0CD3-B72D-47B6-A68D-7590B98EB39B}"
EndProject
Project("{FAE04EC0-301F-11D3-BF4B-00C04F79EFBC}") = "Licensing.Domain", "src\Licensing.Domain\Licensing.Domain.csproj", "{9F9C3697-7DB0-418C-B3C9-19034D7424F0}"
EndProject
Project("{FAE04EC0-301F-11D3-BF4B-00C04F79EFBC}") = "Licensing.Application", "src\Licensing.Application\Licensing.Application.csproj", "{DCBD1338-F216-4BCF-9BCD-A3E0C035449D}"
EndProject
Project("{FAE04EC0-301F-11D3-BF4B-00C04F79EFBC}") = "Licensing.Infrastructure", "src\Licensing.Infrastructure\Licensing.Infrastructure.csproj", "{A47810CB-8A5E-430B-9D89-976D7BCFC140}"
EndProject
Project("{FAE04EC0-301F-11D3-BF4B-00C04F79EFBC}") = "Licensing.Api", "src\Licensing.Api\Licensing.Api.csproj", "{FB4393BA-4EEC-4ADE-9A6C-D4FBBDE38A03}"
EndProject
Project("{2150E333-8FDC-42A3-9474-1A3956D46DE8}") = "tests", "tests", "{0AB3BF05-4346-4AA6-1389-037BE0695223}"
EndProject
Project("{FAE04EC0-301F-11D3-BF4B-00C04F79EFBC}") = "Licensing.Tests", "tests\Licensing.Tests\Licensing.Tests.csproj", "{6DDA1B87-566A-4FAD-BFC6-C4A2548ACE86}"
EndProject
Global
	GlobalSection(SolutionConfigurationPlatforms) = preSolution
		Debug|Any CPU = Debug|Any CPU
		Debug|x64 = Debug|x64
		Debug|x86 = Debug|x86
		Release|Any CPU = Release|Any CPU
		Release|x64 = Release|x64
		Release|x86 = Release|x86
	EndGlobalSection
	GlobalSection(ProjectConfigurationPlatforms) = postSolution
		{9F9C3697-7DB0-418C-B3C9-19034D7424F0}.Debug|Any CPU.ActiveCfg = Debug|Any CPU
		{9F9C3697-7DB0-418C-B3C9-19034D7424F0}.Debug|Any CPU.Build.0 = Debug|Any CPU
		{9F9C3697-7DB0-418C-B3C9-19034D7424F0}.Debug|x64.ActiveCfg = Debug|Any CPU
		{9F9C3697-7DB0-418C-B3C9-19034D7424F0}.Debug|x64.Build.0 = Debug|Any CPU
		{9F9C3697-7DB0-418C-B3C9-19034D7424F0}.Debug|x86.ActiveCfg = Debug|Any CPU
		{9F9C3697-7DB0-418C-B3C9-19034D7424F0}.Debug|x86.Build.0 = Debug|Any CPU
		{9F9C3697-7DB0-418C-B3C9-19034D7424F0}.Release|Any CPU.ActiveCfg = Release|Any CPU
		{9F9C3697-7DB0-418C-B3C9-19034D7424F0}.Release|Any CPU.Build.0 = Release|Any CPU
		{9F9C3697-7DB0-418C-B3C9-19034D7424F0}.Release|x64.ActiveCfg = Release|Any CPU
		{9F9C3697-7DB0-418C-B3C9-19034D7424F0}.Release|x64.Build.0 = Release|Any CPU
		{9F9C3697-7DB0-418C-B3C9-19034D7424F0}.Release|x86.ActiveCfg = Release|Any CPU
		{9F9C3697-7DB0-418C-B3C9-19034D7424F0}.Release|x86.Build.0 = Release|Any CPU
		{DCBD1338-F216-4BCF-9BCD-A3E0C035449D}.Debug|Any CPU.ActiveCfg = Debug|Any CPU
		{DCBD1338-F216-4BCF-9BCD-A3E0C035449D}.Debug|Any CPU.Build.0 = Debug|Any CPU
		{DCBD1338-F216-4BCF-9BCD-A3E0C035449D}.Debug|x64.ActiveCfg = Debug|Any CPU
		{DCBD1338-F216-4BCF-9BCD-A3E0C035449D}.Debug|x64.Build.0 = Debug|Any CPU
		{DCBD1338-F216-4BCF-9BCD-A3E0C035449D}.Debug|x86.ActiveCfg = Debug|Any CPU
		{DCBD1338-F216-4BCF-9BCD-A3E0C035449D}.Debug|x86.Build.0 = Debug|Any CPU
		{DCBD1338-F216-4BCF-9BCD-A3E0C035449D}.Release|Any CPU.ActiveCfg = Release|Any CPU
		{DCBD1338-F216-4BCF-9BCD-A3E0C035449D}.Release|Any CPU.Build.0 = Release|Any CPU
		{DCBD1338-F216-4BCF-9BCD-A3E0C035449D}.Release|x64.ActiveCfg = Release|Any CPU
		{DCBD1338-F216-4BCF-9BCD-A3E0C035449D}.Release|x64.Build.0 = Release|Any CPU
		{DCBD1338-F216-4BCF-9BCD-A3E0C035449D}.Release|x86.ActiveCfg = Release|Any CPU
		{DCBD1338-F216-4BCF-9BCD-A3E0C035449D}.Release|x86.Build.0 = Release|Any CPU
		{A47810CB-8A5E-430B-9D89-976D7BCFC140}.Debug|Any CPU.ActiveCfg = Debug|Any CPU
		{A47810CB-8A5E-430B-9D89-976D7BCFC140}.Debug|Any CPU.Build.0 = Debug|Any CPU
		{A47810CB-8A5E-430B-9D89-976D7BCFC140}.Debug|x64.ActiveCfg = Debug|Any CPU
		{A47810CB-8A5E-430B-9D89-976D7BCFC140}.Debug|x64.Build.0 = Debug|Any CPU
		{A47810CB-8A5E-430B-9D89-976D7BCFC140}.Debug|x86.ActiveCfg = Debug|Any CPU
		{A47810CB-8A5E-430B-9D89-976D7BCFC140}.Debug|x86.Build.0 = Debug|Any CPU
		{A47810CB-8A5E-430B-9D89-976D7BCFC140}.Release|Any CPU.ActiveCfg = Release|Any CPU
		{A47810CB-8A5E-430B-9D89-976D7BCFC140}.Release|Any CPU.Build.0 = Release|Any CPU
		{A47810CB-8A5E-430B-9D89-976D7BCFC140}.Release|x64.ActiveCfg = Release|Any CPU
		{A47810CB-8A5E-430B-9D89-976D7BCFC140}.Release|x64.Build.0 = Release|Any CPU
		{A47810CB-8A5E-430B-9D89-976D7BCFC140}.Release|x86.ActiveCfg = Release|Any CPU
		{A47810CB-8A5E-430B-9D89-976D7BCFC140}.Release|x86.Build.0 = Release|Any CPU
		{FB4393BA-4EEC-4ADE-9A6C-D4FBBDE38A03}.Debug|Any CPU.ActiveCfg = Debug|Any CPU
		{FB4393BA-4EEC-4ADE-9A6C-D4FBBDE38A03}.Debug|Any CPU.Build.0 = Debug|Any CPU
		{FB4393BA-4EEC-4ADE-9A6C-D4FBBDE38A03}.Debug|x64.ActiveCfg = Debug|Any CPU
		{FB4393BA-4EEC-4ADE-9A6C-D4FBBDE38A03}.Debug|x64.Build.0 = Debug|Any CPU
		{FB4393BA-4EEC-4ADE-9A6C-D4FBBDE38A03}.Debug|x86.ActiveCfg = Debug|Any CPU
		{FB4393BA-4EEC-4ADE-9A6C-D4FBBDE38A03}.Debug|x86.Build.0 = Debug|Any CPU
		{FB4393BA-4EEC-4ADE-9A6C-D4FBBDE38A03}.Release|Any CPU.ActiveCfg = Release|Any CPU
		{FB4393BA-4EEC-4ADE-9A6C-D4FBBDE38A03}.Release|Any CPU.Build.0 = Release|Any CPU
		{FB4393BA-4EEC-4ADE-9A6C-D4FBBDE38A03}.Release|x64.ActiveCfg = Release|Any CPU
		{FB4393BA-4EEC-4ADE-9A6C-D4FBBDE38A03}.Release|x64.Build.0 = Release|Any CPU
		{FB4393BA-4EEC-4ADE-9A6C-D4FBBDE38A03}.Release|x86.ActiveCfg = Release|Any CPU
		{FB4393BA-4EEC-4ADE-9A6C-D4FBBDE38A03}.Release|x86.Build.0 = Release|Any CPU
		{6DDA1B87-566A-4FAD-BFC6-C4A2548ACE86}.Debug|Any CPU.ActiveCfg = Debug|Any CPU
		{6DDA1B87-566A-4FAD-BFC6-C4A2548ACE86}.Debug|Any CPU.Build.0 = Debug|Any CPU
		{6DDA1B87-566A-4FAD-BFC6-C4A2548ACE86}.Debug|x64.ActiveCfg = Debug|Any CPU
		{6DDA1B87-566A-4FAD-BFC6-C4A2548ACE86}.Debug|x64.Build.0 = Debug|Any CPU
		{6DDA1B87-566A-4FAD-BFC6-C4A2548ACE86}.Debug|x86.ActiveCfg = Debug|Any CPU
		{6DDA1B87-566A-4FAD-BFC6-C4A2548ACE86}.Debug|x86.Build.0 = Debug|Any CPU
		{6DDA1B87-566A-4FAD-BFC6-C4A2548ACE86}.Release|Any CPU.ActiveCfg = Release|Any CPU
		{6DDA1B87-566A-4FAD-BFC6-C4A2548ACE86}.Release|Any CPU.Build.0 = Release|Any CPU
		{6DDA1B87-566A-4FAD-BFC6-C4A2548ACE86}.Release|x64.ActiveCfg = Release|Any CPU
		{6DDA1B87-566A-4FAD-BFC6-C4A2548ACE86}.Release|x64.Build.0 = Release|Any CPU
		{6DDA1B87-566A-4FAD-BFC6-C4A2548ACE86}.Release|x86.ActiveCfg = Release|Any CPU
		{6DDA1B87-566A-4FAD-BFC6-C4A2548ACE86}.Release|x86.Build.0 = Release|Any CPU
	EndGlobalSection
	GlobalSection(SolutionProperties) = preSolution
		HideSolutionNode = FALSE
	EndGlobalSection
	GlobalSection(NestedProjects) = preSolution
		{9F9C3697-7DB0-418C-B3C9-19034D7424F0} = {827E0CD3-B72D-47B6-A68D-7590B98EB39B}
		{DCBD1338-F216-4BCF-9BCD-A3E0C035449D} = {827E0CD3-B72D-47B6-A68D-7590B98EB39B}
		{A47810CB-8A5E-430B-9D89-976D7BCFC140} = {827E0CD3-B72D-47B6-A68D-7590B98EB39B}
		{FB4393BA-4EEC-4ADE-9A6C-D4FBBDE38A03} = {827E0CD3-B72D-47B6-A68D-7590B98EB39B}
		{6DDA1B87-566A-4FAD-BFC6-C4A2548ACE86} = {0AB3BF05-4346-4AA6-1389-037BE0695223}
	EndGlobalSection
EndGlobal
